{
  "name": "@aporkolab/build-escape",
  "version": "1.0.0",
  "lockfileVersion": 3,
  "requires": true,
  "packages": {
    "": {
      "name": "@aporkolab/build-escape",
      "version": "1.0.0",
      "license": "MIT",
      "bin": {
        "build-escape": "bin/build-escape.mjs"
      },
      "engines": {
        "node": ">=20"
      }
    }
  }
}
